
Microsoft Visual Studio Solution File, Format Version 12.00
# Visual Studio 15
VisualStudioVersion = 15.0.28307.705
MinimumVisualStudioVersion = 10.0.40219.1
Project("{FAE04EC0-301F-11D3-BF4B-00C04F79EFBC}") = "LinkedListPalindromeCheck", "LinkedListPalindromeCheck\LinkedListPalindromeCheck.csproj", "{C2FD6519-E1AD-4777-80C6-917E6BC183A4}"
EndProject
Global
	GlobalSection(SolutionConfigurationPlatforms) = preSolution
		Debug|Any CPU = Debug|Any CPU
		Release|Any CPU = Release|Any CPU
	EndGlobalSection
	GlobalSection(ProjectConfigurationPlatforms) = postSolution
		{C2FD6519-E1AD-4777-80C6-917E6BC183A4}.Debug|Any CPU.ActiveCfg = Debug|Any CPU
		{C2FD6519-E1AD-4777-80C6-917E6BC183A4}.Debug|Any CPU.Build.0 = Debug|Any CPU
		{C2FD6519-E1AD-4777-80C6-917E6BC183A4}.Release|Any CPU.ActiveCfg = Release|Any CPU
		{C2FD6519-E1AD-4777-80C6-917E6BC183A4}.Release|Any CPU.Build.0 = Release|Any CPU
	EndGlobalSection
	GlobalSection(SolutionProperties) = preSolution
		HideSolutionNode = FALSE
	EndGlobalSection
	GlobalSection(ExtensibilityGlobals) = postSolution
		SolutionGuid = {C8F19580-46E9-4339-A19D-D3230BB4612F}
	EndGlobalSection
EndGlobal
