
Microsoft Visual Studio Solution File, Format Version 12.00
# Visual Studio 15
VisualStudioVersion = 15.0.28307.705
MinimumVisualStudioVersion = 10.0.40219.1
Project("{FAE04EC0-301F-11D3-BF4B-00C04F79EFBC}") = "HeightOfBinaryTree", "HeightOfBinaryTree\HeightOfBinaryTree.csproj", "{AAB1A44D-BB1B-400A-97B6-3F1218A09F97}"
EndProject
Global
	GlobalSection(SolutionConfigurationPlatforms) = preSolution
		Debug|Any CPU = Debug|Any CPU
		Release|Any CPU = Release|Any CPU
	EndGlobalSection
	GlobalSection(ProjectConfigurationPlatforms) = postSolution
		{AAB1A44D-BB1B-400A-97B6-3F1218A09F97}.Debug|Any CPU.ActiveCfg = Debug|Any CPU
		{AAB1A44D-BB1B-400A-97B6-3F1218A09F97}.Debug|Any CPU.Build.0 = Debug|Any CPU
		{AAB1A44D-BB1B-400A-97B6-3F1218A09F97}.Release|Any CPU.ActiveCfg = Release|Any CPU
		{AAB1A44D-BB1B-400A-97B6-3F1218A09F97}.Release|Any CPU.Build.0 = Release|Any CPU
	EndGlobalSection
	GlobalSection(SolutionProperties) = preSolution
		HideSolutionNode = FALSE
	EndGlobalSection
	GlobalSection(ExtensibilityGlobals) = postSolution
		SolutionGuid = {8BDA776B-51DA-4BEA-BE69-BE0AC4663EF8}
	EndGlobalSection
EndGlobal
